{
  "name": "org.zowe.zlux.sample.angular.webclient",
  "version": "1.1.0",
  "lockfileVersion": 1,
  "requires": true,
  "dependencies": {
    "@angular-devkit/architect": {
      "version": "0.1100.6",
      "resolved": "https://registry.npmjs.org/@angular-devkit/architect/-/architect-0.1100.6.tgz",
      "integrity": "sha512-4O+cg3AimI2bNAxxdu5NrqSf4Oa8r8xL0+G2Ycd3jLoFv0h0ecJiNKEG5F6IpTprb4aexZD6pcxBJCqQ8MmzWQ==",
      "dev": true,
      "requires": {
        "@angular-devkit/core": "11.0.6",
        "rxjs": "6.6.3"
      },
      "dependencies": {
        "rxjs": {
          "version": "6.6.3",
          "resolved": "https://registry.npmjs.org/rxjs/-/rxjs-6.6.3.tgz",
          "integrity": "sha512-trsQc+xYYXZ3urjOiJOuCOa5N3jAZ3eiSpQB5hIT8zGlL2QfnHLJ2r7GMkBGuIausdJN1OneaI6gQlsqNHHmZQ==",
          "dev": true,
          "requires": {
            "tslib": "^1.9.0"
          }
        }
      }
    },
    "@angular-devkit/build-angular": {
      "version": "0.1100.6",
      "resolved": "https://registry.npmjs.org/@angular-devkit/build-angular/-/build-angular-0.1100.6.tgz",
      "integrity": "sha512-HcqsWiSIUxExGg3HRQScLOmF+ckVkCKolfpPcNOCCpBYxH/i8n4wDGLBP5Rtxky+0Qz+3nnAaFIpNb9p9aUmbg==",
      "dev": true,
      "requires": {
        "@angular-devkit/architect": "0.1100.6",
        "@angular-devkit/build-optimizer": "0.1100.6",
        "@angular-devkit/build-webpack": "0.1100.6",
        "@angular-devkit/core": "11.0.6",
        "@babel/core": "7.12.3",
        "@babel/generator": "7.12.1",
        "@babel/plugin-transform-runtime": "7.12.1",
        "@babel/preset-env": "7.12.1",
        "@babel/runtime": "7.12.1",
        "@babel/template": "7.10.4",
        "@jsdevtools/coverage-istanbul-loader": "3.0.5",
        "@ngtools/webpack": "11.0.6",
        "ansi-colors": "4.1.1",
        "autoprefixer": "9.8.6",
        "babel-loader": "8.1.0",
        "browserslist": "^4.9.1",
        "cacache": "15.0.5",
        "caniuse-lite": "^1.0.30001032",
        "circular-dependency-plugin": "5.2.0",
        "copy-webpack-plugin": "6.2.1",
        "core-js": "3.6.5",
        "css-loader": "4.3.0",
        "cssnano": "4.1.10",
        "file-loader": "6.1.1",
        "find-cache-dir": "3.3.1",
        "glob": "7.1.6",
        "inquirer": "7.3.3",
        "jest-worker": "26.5.0",
        "karma-source-map-support": "1.4.0",
        "less": "3.12.2",
        "less-loader": "7.0.2",
        "license-webpack-plugin": "2.3.1",
        "loader-utils": "2.0.0",
        "mini-css-extract-plugin": "1.2.1",
        "minimatch": "3.0.4",
        "open": "7.3.0",
        "ora": "5.1.0",
        "parse5-html-rewriting-stream": "6.0.1",
        "pnp-webpack-plugin": "1.6.4",
        "postcss": "7.0.32",
      